
Microsoft Visual Studio Solution File, Format Version 12.00
# Visual Studio Version 17
VisualStudioVersion = 17.7.34031.279
MinimumVisualStudioVersion = 10.0.40219.1
Project("{9A19103F-16F7-4668-BE54-9A1E7A4F7556}") = "MyProject", "MyProject\MyProject.csproj", "{407AFB3C-A682-40CC-8A96-AF4CAE48D68E}"
EndProject
Project("{FAE04EC0-301F-11D3-BF4B-00C04F79EFBC}") = "Core", "Core\Core.csproj", "{6649455B-0E07-4126-8E1D-9994EEAA2D0B}"
EndProject
Project("{FAE04EC0-301F-11D3-BF4B-00C04F79EFBC}") = "Business", "Business\Business.csproj", "{88D298AE-BA27-4123-B7F2-D749466135B8}"
EndProject
Global
	GlobalSection(SolutionConfigurationPlatforms) = preSolution
		Debug|Any CPU = Debug|Any CPU
		Release|Any CPU = Release|Any CPU
	EndGlobalSection
	GlobalSection(ProjectConfigurationPlatforms) = postSolution
		{407AFB3C-A682-40CC-8A96-AF4CAE48D68E}.Debug|Any CPU.ActiveCfg = Debug|Any CPU
		{407AFB3C-A682-40CC-8A96-AF4CAE48D68E}.Debug|Any CPU.Build.0 = Debug|Any CPU
		{407AFB3C-A682-40CC-8A96-AF4CAE48D68E}.Release|Any CPU.ActiveCfg = Release|Any CPU
		{407AFB3C-A682-40CC-8A96-AF4CAE48D68E}.Release|Any CPU.Build.0 = Release|Any CPU
		{6649455B-0E07-4126-8E1D-9994EEAA2D0B}.Debug|Any CPU.ActiveCfg = Debug|Any CPU
		{6649455B-0E07-4126-8E1D-9994EEAA2D0B}.Debug|Any CPU.Build.0 = Debug|Any CPU
		{6649455B-0E07-4126-8E1D-9994EEAA2D0B}.Release|Any CPU.ActiveCfg = Release|Any CPU
		{6649455B-0E07-4126-8E1D-9994EEAA2D0B}.Release|Any CPU.Build.0 = Release|Any CPU
		{88D298AE-BA27-4123-B7F2-D749466135B8}.Debug|Any CPU.ActiveCfg = Debug|Any CPU
		{88D298AE-BA27-4123-B7F2-D749466135B8}.Debug|Any CPU.Build.0 = Debug|Any CPU
		{88D298AE-BA27-4123-B7F2-D749466135B8}.Release|Any CPU.ActiveCfg = Release|Any CPU
		{88D298AE-BA27-4123-B7F2-D749466135B8}.Release|Any CPU.Build.0 = Release|Any CPU
	EndGlobalSection
	GlobalSection(SolutionProperties) = preSolution
		HideSolutionNode = FALSE
	EndGlobalSection
	GlobalSection(ExtensibilityGlobals) = postSolution
		SolutionGuid = {4CA8BA76-DD92-406E-8AA0-8353AB438450}
	EndGlobalSection
EndGlobal
